{
  "name": "frontend",
  "version": "0.0.0",
  "lockfileVersion": 1,
  "requires": true,
  "dependencies": {
    "@alloc/quick-lru": {
      "version": "5.2.0",
      "resolved": "http://219.135.209.147:4873/@alloc%2fquick-lru/-/quick-lru-5.2.0.tgz",
      "integrity": "sha512-UrcABB+4bUrFABwbluTIBErXwvbsU/V7TZWfmbgJfbkwiBuziS9gxdODUyuiecfdGQ85jglMW6juS3+z5TsKLw==",
      "dev": true
    },
    "@babel/parser": {
      "version": "7.23.0",
      "resolved": "http://219.135.209.147:4873/@babel%2fparser/-/parser-7.23.0.tgz",
      "integrity": "sha512-vvPKKdMemU85V9WE/l5wZEmImpCtLqbnTvqDS2U1fJ96KrxoW7KrXhNsNCblQlg8Ck4b85yxdTyelsMUgFUXiw=="
    },
    "@esbuild/android-arm": {
      "version": "0.18.20",
      "resolved": "http://219.135.209.147:4873/@esbuild%2fandroid-arm/-/android-arm-0.18.20.tgz",
      "integrity": "sha512-fyi7TDI/ijKKNZTUJAQqiG5T7YjJXgnzkURqmGj13C6dCqckZBLdl4h7bkhHt/t0WP+zO9/zwroDvANaOqO5Sw==",
      "dev": true,
      "optional": true
    },
    "@esbuild/android-arm64": {
      "version": "0.18.20",
      "resolved": "http://219.135.209.147:4873/@esbuild%2fandroid-arm64/-/android-arm64-0.18.20.tgz",
      "integrity": "sha512-Nz4rJcchGDtENV0eMKUNa6L12zz2zBDXuhj/Vjh18zGqB44Bi7MBMSXjgunJgjRhCmKOjnPuZp4Mb6OKqtMHLQ==",
      "dev": true,
      "optional": true
    },
    "@esbuild/android-x64": {
      "version": "0.18.20",
      "resolved": "http://219.135.209.147:4873/@esbuild%2fandroid-x64/-/android-x64-0.18.20.tgz",
      "integrity": "sha512-8GDdlePJA8D6zlZYJV/jnrRAi6rOiNaCC/JclcXpB+KIuvfBN4owLtgzY2bsxnx666XjJx2kDPUmnTtR8qKQUg==",
      "dev": true,
      "optional": true
    },
    "@esbuild/darwin-arm64": {
      "version": "0.18.20",
      "resolved": "http://219.135.209.147:4873/@esbuild%2fdarwin-arm64/-/darwin-arm64-0.18.20.tgz",
      "integrity": "sha512-bxRHW5kHU38zS2lPTPOyuyTm+S+eobPUnTNkdJEfAddYgEcll4xkT8DB9d2008DtTbl7uJag2HuE5NZAZgnNEA==",
      "dev": true,
      "optional": true
    },
    "@esbuild/darwin-x64": {
      "version": "0.18.20",
      "resolved": "http://219.135.209.147:4873/@esbuild%2fdarwin-x64/-/darwin-x64-0.18.20.tgz",
      "integrity": "sha512-pc5gxlMDxzm513qPGbCbDukOdsGtKhfxD1zJKXjCCcU7ju50O7MeAZ8c4krSJcOIJGFR+qx21yMMVYwiQvyTyQ==",
      "dev": true,
      "optional": true
    },
    "@esbuild/freebsd-arm64": {
      "version": "0.18.20",
      "resolved": "http://219.135.209.147:4873/@esbuild%2ffreebsd-arm64/-/freebsd-arm64-0.18.20.tgz",
      "integrity": "sha512-yqDQHy4QHevpMAaxhhIwYPMv1NECwOvIpGCZkECn8w2WFHXjEwrBn3CeNIYsibZ/iZEUemj++M26W3cNR5h+Tw==",
      "dev": true,
      "optional": true
    },
    "@esbuild/freebsd-x64": {
      "version": "0.18.20",
      "resolved": "http://219.135.209.147:4873/@esbuild%2ffreebsd-x64/-/freebsd-x64-0.18.20.tgz",
      "integrity": "sha512-tgWRPPuQsd3RmBZwarGVHZQvtzfEBOreNuxEMKFcd5DaDn2PbBxfwLcj4+aenoh7ctXcbXmOQIn8HI6mCSw5MQ==",
      "dev": true,
      "optional": true
    },
    "@esbuild/linux-arm": {
      "version": "0.18.20",
      "resolved": "http://219.135.209.147:4873/@esbuild%2flinux-arm/-/linux-arm-0.18.20.tgz",
      "integrity": "sha512-/5bHkMWnq1EgKr1V+Ybz3s1hWXok7mDFUMQ4cG10AfW3wL02PSZi5kFpYKrptDsgb2WAJIvRcDm+qIvXf/apvg==",
      "dev": true,
      "optional": true
    },
    "@esbuild/linux-arm64": {
      "version": "0.18.20",
      "resolved": "http://219.135.209.147:4873/@esbuild%2flinux-arm64/-/linux-arm64-0.18.20.tgz",
      "integrity": "sha512-2YbscF+UL7SQAVIpnWvYwM+3LskyDmPhe31pE7/aoTMFKKzIc9lLbyGUpmmb8a8AixOL61sQ/mFh3jEjHYFvdA==",
      "dev": true,
      "optional": true
    },
    "@esbuild/linux-ia32": {
      "version": "0.18.20",
      "resolved": "http://219.135.209.147:4873/@esbuild%2flinux-ia32/-/linux-ia32-0.18.20.tgz",
      "integrity": "sha512-P4etWwq6IsReT0E1KHU40bOnzMHoH73aXp96Fs8TIT6z9Hu8G6+0SHSw9i2isWrD2nbx2qo5yUqACgdfVGx7TA==",
      "dev": true,
      "optional": true
    },
    "@esbuild/linux-loong64": {
      "version": "0.18.20",
      "resolved": "http://219.135.209.147:4873/@esbuild%2flinux-loong64/-/linux-loong64-0.18.20.tgz",
      "integrity": "sha512-nXW8nqBTrOpDLPgPY9uV+/1DjxoQ7DoB2N8eocyq8I9XuqJ7BiAMDMf9n1xZM9TgW0J8zrquIb/A7s3BJv7rjg==",
      "dev": true,
      "optional": true
    },
    "@esbuild/linux-mips64el": {
      "version": "0.18.20",
      "resolved": "http://219.135.209.147:4873/@esbuild%2flinux-mips64el/-/linux-mips64el-0.18.20.tgz",
      "integrity": "sha512-d5NeaXZcHp8PzYy5VnXV3VSd2D328Zb+9dEq5HE6bw6+N86JVPExrA6O68OPwobntbNJ0pzCpUFZTo3w0GyetQ==",
      "dev": true,
      "optional": true
    },
    "@esbuild/linux-ppc64": {
      "version": "0.18.20",
      "resolved": "http://219.135.209.147:4873/@esbuild%2flinux-ppc64/-/linux-ppc64-0.18.20.tgz",
      "integrity": "sha512-WHPyeScRNcmANnLQkq6AfyXRFr5D6N2sKgkFo2FqguP44Nw2eyDlbTdZwd9GYk98DZG9QItIiTlFLHJHjxP3FA==",
      "dev": true,
      "optional": true
    },
    "@esbuild/linux-riscv64": {
      "version": "0.18.20",
      "resolved": "http://219.135.209.147:4873/@esbuild%2flinux-riscv64/-/linux-riscv64-0.18.20.tgz",
      "integrity": "sha512-WSxo6h5ecI5XH34KC7w5veNnKkju3zBRLEQNY7mv5mtBmrP/MjNBCAlsM2u5hDBlS3NGcTQpoBvRzqBcRtpq1A==",
      "dev": true,
      "optional": true
    },
    "@esbuild/linux-s390x": {
      "version": "0.18.20",
      "resolved": "http://219.135.209.147:4873/@esbuild%2flinux-s390x/-/linux-s390x-0.18.20.tgz",
      "integrity": "sha512-+8231GMs3mAEth6Ja1iK0a1sQ3ohfcpzpRLH8uuc5/KVDFneH6jtAJLFGafpzpMRO6DzJ6AvXKze9LfFMrIHVQ==",
      "dev": true,
      "optional": true
    },
    "@esbuild/linux-x64": {
      "version": "0.18.20",
      "resolved": "http://219.135.209.147:4873/@esbuild%2flinux-x64/-/linux-x64-0.18.20.tgz",
      "integrity": "sha512-UYqiqemphJcNsFEskc73jQ7B9jgwjWrSayxawS6UVFZGWrAAtkzjxSqnoclCXxWtfwLdzU+vTpcNYhpn43uP1w==",
      "dev": true,
      "optional": true
    },
    "@esbuild/netbsd-x64": {
      "version": "0.18.20",
      "resolved": "http://219.135.209.147:4873/@esbuild%2fnetbsd-x64/-/netbsd-x64-0.18.20.tgz",
      "integrity": "sha512-iO1c++VP6xUBUmltHZoMtCUdPlnPGdBom6IrO4gyKPFFVBKioIImVooR5I83nTew5UOYrk3gIJhbZh8X44y06A==",
      "dev": true,
      "optional": true
    },
    "@esbuild/openbsd-x64": {
      "version": "0.18.20",
      "resolved": "http://219.135.209.147:4873/@esbuild%2fopenbsd-x64/-/openbsd-x64-0.18.20.tgz",
      "integrity": "sha512-e5e4YSsuQfX4cxcygw/UCPIEP6wbIL+se3sxPdCiMbFLBWu0eiZOJ7WoD+ptCLrmjZBK1Wk7I6D/I3NglUGOxg==",
      "dev": true,
      "optional": true
    },
    "@esbuild/sunos-x64": {
      "version": "0.18.20",
      "resolved": "http://219.135.209.147:4873/@esbuild%2fsunos-x64/-/sunos-x64-0.18.20.tgz",
      "integrity": "sha512-kDbFRFp0YpTQVVrqUd5FTYmWo45zGaXe0X8E1G/LKFC0v8x0vWrhOWSLITcCn63lmZIxfOMXtCfti/RxN/0wnQ==",
      "dev": true,
      "optional": true
    },
    "@esbuild/win32-arm64": {
      "version": "0.18.20",
      "resolved": "http://219.135.209.147:4873/@esbuild%2fwin32-arm64/-/win32-arm64-0.18.20.tgz",
      "integrity": "sha512-ddYFR6ItYgoaq4v4JmQQaAI5s7npztfV4Ag6NrhiaW0RrnOXqBkgwZLofVTlq1daVTQNhtI5oieTvkRPfZrePg==",
      "dev": true,
      "optional": true
    },
    "@esbuild/win32-ia32": {
      "version": "0.18.20",
      "resolved": "http://219.135.209.147:4873/@esbuild%2fwin32-ia32/-/win32-ia32-0.18.20.tgz",
      "integrity": "sha512-Wv7QBi3ID/rROT08SABTS7eV4hX26sVduqDOTe1MvGMjNd3EjOz4b7zeexIR62GTIEKrfJXKL9LFxTYgkyeu7g==",
      "dev": true,
      "optional": true
    },
    "@esbuild/win32-x64": {
      "version": "0.18.20",
      "resolved": "http://219.135.209.147:4873/@esbuild%2fwin32-x64/-/win32-x64-0.18.20.tgz",
      "integrity": "sha512-kTdfRcSiDfQca/y9QIkng02avJ+NCaQvrMejlsB3RRv5sE9rRoeBPISaZpKxHELzRxZyLvNts1P27W3wV+8geQ==",
      "dev": true,
      "optional": true
    },
    "@jridgewell/gen-mapping": {
      "version": "0.3.3",
      "resolved": "http://219.135.209.147:4873/@jridgewell%2fgen-mapping/-/gen-mapping-0.3.3.tgz",
      "integrity": "sha512-HLhSWOLRi875zjjMG/r+Nv0oCW8umGb0BgEhyX3dDX3egwZtB8PqLnjz3yedt8R5StBrzcg4aBpnh8UA9D1BoQ==",
      "dev": true,
      "requires": {
        "@jridgewell/set-array": "^1.0.1",
        "@jridgewell/sourcemap-codec": "^1.4.10",
        "@jridgewell/trace-mapping": "^0.3.9"
      }
    },
    "@jridgewell/resolve-uri": {
      "version": "3.1.1",
      "resolved": "http://219.135.209.147:4873/@jridgewell%2fresolve-uri/-/resolve-uri-3.1.1.tgz",
      "integrity": "sha512-dSYZh7HhCDtCKm4QakX0xFpsRDqjjtZf/kjI/v3T3Nwt5r8/qz/M19F9ySyOqU94SXBmeG9ttTul+YnR4LOxFA==",
      "dev": true
    },
    "@jridgewell/set-array": {
      "version": "1.1.2",
      "resolved": "http://219.135.209.147:4873/@jridgewell%2fset-array/-/set-array-1.1.2.tgz",
      "integrity": "sha512-xnkseuNADM0gt2bs+BvhO0p78Mk762YnZdsuzFV018NoG1Sj1SCQvpSqa7XUaTam5vAGasABV9qXASMKnFMwMw==",
      "dev": true
    },
    "@jridgewell/sourcemap-codec": {
      "version": "1.4.15",
      "resolved": "http://219.135.209.147:4873/@jridgewell%2fsourcemap-codec/-/sourcemap-codec-1.4.15.tgz",
      "integrity": "sha512-eF2rxCRulEKXHTRiDrDy6erMYWqNw4LPdQ8UQA4huuxaQsVeRPFl2oM8oDGxMFhJUWZf9McpLtJasDDZb/Bpeg=="
    },
    "@jridgewell/trace-mapping": {
      "version": "0.3.19",
      "resolved": "http://219.135.209.147:4873/@jridgewell%2ftrace-mapping/-/trace-mapping-0.3.19.tgz",
      "integrity": "sha512-kf37QtfW+Hwx/buWGMPcR60iF9ziHa6r/CZJIHbmcm4+0qrXiVdxegAH0F6yddEVQ7zdkjcGCgCzUu+BcbhQxw==",
      "dev": true,
      "requires": {
        "@jridgewell/resolve-uri": "^3.1.0",
        "@jridgewell/sourcemap-codec": "^1.4.14"
      }
    },
    "@nodelib/fs.scandir": {
      "version": "2.1.5",
      "resolved": "http://219.135.209.147:4873/@nodelib%2ffs.scandir/-/fs.scandir-2.1.5.tgz",
      "integrity": "sha1-dhnC6yGyVIP20WdUi0z9WnSIw9U=",
      "dev": true,
      "requires": {
        "@nodelib/fs.stat": "2.0.5",
        "run-parallel": "^1.1.9"
      }
    },
    "@nodelib/fs.stat": {
      "version": "2.0.5",
      "resolved": "http://219.135.209.147:4873/@nodelib%2ffs.stat/-/fs.stat-2.0.5.tgz",
      "integrity": "sha1-W9Jir5Tp0lvR5xsF3u1Eh2oiLos=",
      "dev": true
    },
    "@nodelib/fs.walk": {
      "version": "1.2.8",
      "resolved": "http://219.135.209.147:4873/@nodelib%2ffs.walk/-/fs.walk-1.2.8.tgz",
      "integrity": "sha1-6Vc36LtnRt3t9pxVaVNJTxlv5po=",
      "dev": true,
      "requires": {
        "@nodelib/fs.scandir": "2.1.5",
        "fastq": "^1.6.0"
      }
    },
    "@vitejs/plugin-vue": {
      "version": "4.3.4",
      "resolved": "http://219.135.209.147:4873/@vitejs%2fplugin-vue/-/plugin-vue-4.3.4.tgz",
      "integrity": "sha512-ciXNIHKPriERBisHFBvnTbfKa6r9SAesOYXeGDzgegcvy9Q4xdScSHAmKbNT0M3O0S9LKhIf5/G+UYG4NnnzYw==",
      "dev": true
    },
    "@vue/compiler-core": {
      "version": "3.3.4",
      "resolved": "http://219.135.209.147:4873/@vue%2fcompiler-core/-/compiler-core-3.3.4.tgz",
      "integrity": "sha512-cquyDNvZ6jTbf/+x+AgM2Arrp6G4Dzbb0R64jiG804HRMfRiFXWI6kqUVqZ6ZR0bQhIoQjB4+2bhNtVwndW15g==",
      "requires": {
        "@babel/parser": "^7.21.3",
        "@vue/shared": "3.3.4",
        "estree-walker": "^2.0.2",
        "source-map-js": "^1.0.2"
      }
    },
    "@vue/compiler-dom": {
      "version": "3.3.4",
      "resolved": "http://219.135.209.147:4873/@vue%2fcompiler-dom/-/compiler-dom-3.3.4.tgz",
      "integrity": "sha512-wyM+OjOVpuUukIq6p5+nwHYtj9cFroz9cwkfmP9O1nzH68BenTTv0u7/ndggT8cIQlnBeOo6sUT/gvHcIkLA5w==",
      "requires": {
        "@vue/compiler-core": "3.3.4",
        "@vue/shared": "3.3.4"
      }
    },
    "@vue/compiler-sfc": {
      "version": "3.3.4",
      "resolved": "http://219.135.209.147:4873/@vue%2fcompiler-sfc/-/compiler-sfc-3.3.4.tgz",
      "integrity": "sha512-6y/d8uw+5TkCuzBkgLS0v3lSM3hJDntFEiUORM11pQ/hKvkhSKZrXW6i69UyXlJQisJxuUEJKAWEqWbWsLeNKQ==",
      "requires": {
        "@babel/parser": "^7.20.15",
        "@vue/compiler-core": "3.3.4",
        "@vue/compiler-dom": "3.3.4",
        "@vue/compiler-ssr": "3.3.4",
        "@vue/reactivity-transform": "3.3.4",
        "@vue/shared": "3.3.4",
        "estree-walker": "^2.0.2",
        "magic-string": "^0.30.0",
        "postcss": "^8.1.10",
        "source-map-js": "^1.0.2"
      }
    },
    "@vue/compiler-ssr": {
      "version": "3.3.4",
      "resolved": "http://219.135.209.147:4873/@vue%2fcompiler-ssr/-/compiler-ssr-3.3.4.tgz",
      "integrity": "sha512-m0v6oKpup2nMSehwA6Uuu+j+wEwcy7QmwMkVNVfrV9P2qE5KshC6RwOCq8fjGS/Eak/uNb8AaWekfiXxbBB6gQ==",
      "requires": {
        "@vue/compiler-dom": "3.3.4",
        "@vue/shared": "3.3.4"
      }
    },
    "@vue/devtools-api": {
      "version": "6.5.1",
      "resolved": "https://registry.npmjs.org/@vue/devtools-api/-/devtools-api-6.5.1.tgz",
      "integrity": "sha512-+KpckaAQyfbvshdDW5xQylLni1asvNSGme1JFs8I1+/H5pHEhqUKMEQD/qn3Nx5+/nycBq11qAEi8lk+LXI2dA=="
    },
    "@vue/reactivity": {
      "version": "3.3.4",
      "resolved": "http://219.135.209.147:4873/@vue%2freactivity/-/reactivity-3.3.4.tgz",
      "integrity": "sha512-kLTDLwd0B1jG08NBF3R5rqULtv/f8x3rOFByTDz4J53ttIQEDmALqKqXY0J+XQeN0aV2FBxY8nJDf88yvOPAqQ==",
      "requires": {
        "@vue/shared": "3.3.4"
      }
    },
    "@vue/reactivity-transform": {
      "version": "3.3.4",
      "resolved": "http://219.135.209.147:4873/@vue%2freactivity-transform/-/reactivity-transform-3.3.4.tgz",
      "integrity": "sha512-MXgwjako4nu5WFLAjpBnCj/ieqcjE2aJBINUNQzkZQfzIZA4xn+0fV1tIYBJvvva3N3OvKGofRLvQIwEQPpaXw==",
      "requires": {
        "@babel/parser": "^7.20.15",
        "@vue/compiler-core": "3.3.4",
        "@vue/shared": "3.3.4",
        "estree-walker": "^2.0.2",
        "magic-string": "^0.30.0"
      }
    },
    "@vue/runtime-core": {
      "version": "3.3.4",
      "resolved": "http://219.135.209.147:4873/@vue%2fruntime-core/-/runtime-core-3.3.4.tgz",
      "integrity": "sha512-R+bqxMN6pWO7zGI4OMlmvePOdP2c93GsHFM/siJI7O2nxFRzj55pLwkpCedEY+bTMgp5miZ8CxfIZo3S+gFqvA==",
      "requires": {
        "@vue/reactivity": "3.3.4",
        "@vue/shared": "3.3.4"
      }
    },
    "@vue/runtime-dom": {
      "version": "3.3.4",
      "resolved": "http://219.135.209.147:4873/@vue%2fruntime-dom/-/runtime-dom-3.3.4.tgz",
      "integrity": "sha512-Aj5bTJ3u5sFsUckRghsNjVTtxZQ1OyMWCr5dZRAPijF/0Vy4xEoRCwLyHXcj4D0UFbJ4lbx3gPTgg06K/GnPnQ==",
      "requires": {
        "@vue/runtime-core": "3.3.4",
        "@vue/shared": "3.3.4",
        "csstype": "^3.1.1"
      }
    },
    "@vue/server-renderer": {
      "version": "3.3.4",
      "resolved": "http://219.135.209.147:4873/@vue%2fserver-renderer/-/server-renderer-3.3.4.tgz",
      "integrity": "sha512-Q6jDDzR23ViIb67v+vM1Dqntu+HUexQcsWKhhQa4ARVzxOY2HbC7QRW/ggkDBd5BU+uM1sV6XOAP0b216o34JQ==",
      "requires": {
        "@vue/compiler-ssr": "3.3.4",
        "@vue/shared": "3.3.4"
      }
    },
    "@vue/shared": {
      "version": "3.3.4",
      "resolved": "http://219.135.209.147:4873/@vue%2fshared/-/shared-3.3.4.tgz",
      "integrity": "sha512-7OjdcV8vQ74eiz1TZLzZP4JwqM5fA94K6yntPS5Z25r9HDuGNzaGdgvwKYq6S+MxwF0TFRwe50fIR/MYnakdkQ=="
    },
    "any-promise": {
      "version": "1.3.0",
      "resolved": "http://219.135.209.147:4873/any-promise/-/any-promise-1.3.0.tgz",
      "integrity": "sha1-q8av7tzqUugJzcA3au0845Y10X8=",
      "dev": true
    },
    "anymatch": {
      "version": "3.1.3",
      "resolved": "http://219.135.209.147:4873/anymatch/-/anymatch-3.1.3.tgz",
      "integrity": "sha512-KMReFUr0B4t+D+OBkjR3KYqvocp2XaSzO55UcB6mgQMd3KbcE+mWTyvVV7D/zsdEbNnV6acZUutkiHQXvTr1Rw==",
      "dev": true,
      "requires": {
        "normalize-path": "^3.0.0",
        "picomatch": "^2.0.4"
      }
    },
    "arg": {
      "version": "5.0.2",
      "resolved": "http://219.135.209.147:4873/arg/-/arg-5.0.2.tgz",
      "integrity": "sha512-PYjyFOLKQ9y57JvQ6QLo8dAgNqswh8M1RMJYdQduT6xbWSgK36P/Z/v+p888pM69jMMfS8Xd8F6I1kQ/I9HUGg==",
      "dev": true
    },
    "asynckit": {
      "version": "0.4.0",
      "resolved": "http://219.135.209.147:4873/asynckit/-/asynckit-0.4.0.tgz",
      "integrity": "sha1-x57Zf380y48robyXkLzDZkdLS3k="
    },
    "autoprefixer": {
      "version": "10.4.15",
      "resolved": "http://219.135.209.147:4873/autoprefixer/-/autoprefixer-10.4.15.tgz",
      "integrity": "sha512-KCuPB8ZCIqFdA4HwKXsvz7j6gvSDNhDP7WnUjBleRkKjPdvCmHFuQ77ocavI8FT6NdvlBnE2UFr2H4Mycn8Vew==",
      "dev": true,
      "requires": {
        "browserslist": "^4.21.10",
        "caniuse-lite": "^1.0.30001520",
        "fraction.js": "^4.2.0",
        "normalize-range": "^0.1.2",
        "picocolors": "^1.0.0",
        "postcss-value-parser": "^4.2.0"
      }
    },
    "axios": {
      "version": "1.5.0",
      "resolved": "http://219.135.209.147:4873/axios/-/axios-1.5.0.tgz",
      "integrity": "sha512-D4DdjDo5CY50Qms0qGQTTw6Q44jl7zRwY7bthds06pUGfChBCTcQs+N743eFWGEd6pRTMd6A+I87aWyFV5wiZQ==",
      "requires": {
        "follow-redirects": "^1.15.0",
        "form-data": "^4.0.0",
        "proxy-from-env": "^1.1.0"
      }
    },
    "balanced-match": {
      "version": "1.0.2",
      "resolved": "http://219.135.209.147:4873/balanced-match/-/balanced-match-1.0.2.tgz",
      "integrity": "sha1-6D46fj8wCzTLnYf2FfoMvzV2kO4=",
      "dev": true
    },
    "binary-extensions": {
      "version": "2.2.0",
      "resolved": "http://219.135.209.147:4873/binary-extensions/-/binary-extensions-2.2.0.tgz",
      "integrity": "sha1-dfUC7q+f/eQvyYgpZFvk6na9ni0=",
      "dev": true
    },
    "brace-expansion": {
      "version": "1.1.11",
      "resolved": "http://219.135.209.147:4873/brace-expansion/-/brace-expansion-1.1.11.tgz",
      "integrity": "sha1-PH/L9SnYcibz0vUrlm/1Jx60Qd0=",
      "dev": true,
      "requires": {
        "balanced-match": "^1.0.0",
        "concat-map": "0.0.1"
      }
    },
    "braces": {
      "version": "3.0.2",
      "resolved": "http://219.135.209.147:4873/braces/-/braces-3.0.2.tgz",
      "integrity": "sha1-NFThpGLujVmeI23zNs2epPiv4Qc=",
      "dev": true,
      "requires": {
        "fill-range": "^7.0.1"
      }
    },
    "browserslist": {
      "version": "4.21.10",
      "resolved": "http://219.135.209.147:4873/browserslist/-/browserslist-4.21.10.tgz",
      "integrity": "sha512-bipEBdZfVH5/pwrvqc+Ub0kUPVfGUhlKxbvfD+z1BDnPEO/X98ruXGA1WP5ASpAFKan7Qr6j736IacbZQuAlKQ==",
      "dev": true,
      "requires": {
        "caniuse-lite": "^1.0.30001517",
        "electron-to-chromium": "^1.4.477",
        "node-releases": "^2.0.13",
        "update-browserslist-db": "^1.0.11"
      }
    },
    "camelcase-css": {
      "version": "2.0.1",
      "resolved": "http://219.135.209.147:4873/camelcase-css/-/camelcase-css-2.0.1.tgz",
      "integrity": "sha1-7pePaUeRTMMMa0R0G27R338EP9U=",
      "dev": true
    },
    "caniuse-lite": {
      "version": "1.0.30001538",
      "resolved": "http://219.135.209.147:4873/caniuse-lite/-/caniuse-lite-1.0.30001538.tgz",
      "integrity": "sha512-HWJnhnID+0YMtGlzcp3T9drmBJUVDchPJ08tpUGFLs9CYlwWPH2uLgpHn8fND5pCgXVtnGS3H4QR9XLMHVNkHw==",
      "dev": true
    },
    "chokidar": {
      "version": "3.5.3",
      "resolved": "http://219.135.209.147:4873/chokidar/-/chokidar-3.5.3.tgz",
      "integrity": "sha512-Dr3sfKRP6oTcjf2JmUmFJfeVMvXBdegxB0iVQ5eb2V10uFJUCAS8OByZdVAyVb8xXNz3GjjTgj9kLWsZTqE6kw==",
      "dev": true,
      "requires": {
        "anymatch": "~3.1.2",
        "braces": "~3.0.2",
        "fsevents": "~2.3.2",
        "glob-parent": "~5.1.2",
        "is-binary-path": "~2.1.0",
        "is-glob": "~4.0.1",
        "normalize-path": "~3.0.0",
        "readdirp": "~3.6.0"
      },
      "dependencies": {
        "glob-parent": {
          "version": "5.1.2",
          "resolved": "http://219.135.209.147:4873/glob-parent/-/glob-parent-5.1.2.tgz",
          "integrity": "sha1-hpgyxYA0/mikCTwX3BXoNA2EAcQ=",
          "dev": true,
          "requires": {
            "is-glob": "^4.0.1"
          }
        }
      }
    },
    "combined-stream": {
      "version": "1.0.8",
      "resolved": "http://219.135.209.147:4873/combined-stream/-/combined-stream-1.0.8.tgz",
      "integrity": "sha1-w9RaizT9cwYxoRCoolIGgrMdWn8=",
      "requires": {
        "delayed-stream": "~1.0.0"
      }
    },
    "commander": {
      "version": "4.1.1",
      "resolved": "http://219.135.209.147:4873/commander/-/commander-4.1.1.tgz",
      "integrity": "sha1-n9YCvZNilOnp70aj9NaWQESxgGg=",
      "dev": true
    },
    "concat-map": {
      "version": "0.0.1",
      "resolved": "http://219.135.209.147:4873/concat-map/-/concat-map-0.0.1.tgz",
      "integrity": "sha1-2Klr13/Wjfd5OnMDajug1UBdR3s=",
      "dev": true
    },
    "core-js": {
      "version": "3.33.2",
      "resolved": "https://registry.npmjs.org/core-js/-/core-js-3.33.2.tgz",
      "integrity": "sha512-XeBzWI6QL3nJQiHmdzbAOiMYqjrb7hwU7A39Qhvd/POSa/t9E1AeZyEZx3fNvp/vtM8zXwhoL0FsiS0hD0pruQ=="
    },
    "cssesc": {
      "version": "3.0.0",
      "resolved": "http://219.135.209.147:4873/cssesc/-/cssesc-3.0.0.tgz",
      "integrity": "sha1-N3QZGZA7hoVl4cCep0dEXNGJg+4=",
      "dev": true
    },
    "csstype": {
      "version": "3.1.2",
      "resolved": "http://219.135.209.147:4873/csstype/-/csstype-3.1.2.tgz",
      "integrity": "sha512-I7K1Uu0MBPzaFKg4nI5Q7Vs2t+3gWWW648spaF+Rg7pI9ds18Ugn+lvg4SHczUdKlHI5LWBXyqfS8+DufyBsgQ=="
    },
    "custom-event-polyfill": {
      "version": "1.0.7",
      "resolved": "https://registry.npmjs.org/custom-event-polyfill/-/custom-event-polyfill-1.0.7.tgz",
      "integrity": "sha512-TDDkd5DkaZxZFM8p+1I3yAlvM3rSr1wbrOliG4yJiwinMZN8z/iGL7BTlDkrJcYTmgUSb4ywVCc3ZaUtOtC76w=="
    },
    "deepmerge": {
      "version": "4.3.1",
      "resolved": "http://219.135.209.147:4873/deepmerge/-/deepmerge-4.3.1.tgz",
      "integrity": "sha512-3sUqbMEc77XqpdNO7FRyRog+eW3ph+GYCbj+rK+uYyRMuwsVy0rMiVtPn+QJlKFvWP/1PYpapqYn0Me2knFn+A=="
    },
    "delayed-stream": {
      "version": "1.0.0",
      "resolved": "http://219.135.209.147:4873/delayed-stream/-/delayed-stream-1.0.0.tgz",
      "integrity": "sha1-3zrhmayt+31ECqrgsp4icrJOxhk="
    },
    "didyoumean": {
      "version": "1.2.2",
      "resolved": "http://219.135.209.147:4873/didyoumean/-/didyoumean-1.2.2.tgz",
      "integrity": "sha1-mJNG/+noObRVXs9WZu3qDT6K0Dc=",
      "dev": true
    },
    "dlv": {
      "version": "1.1.3",
      "resolved": "http://219.135.209.147:4873/dlv/-/dlv-1.1.3.tgz",
      "integrity": "sha1-XBmKihFFNZbnUUlNSYdLx3MvLnk=",
      "dev": true
    },
    "electron-to-chromium": {
      "version": "1.4.544",
      "resolved": "http://219.135.209.147:4873/electron-to-chromium/-/electron-to-chromium-1.4.544.tgz",
      "integrity": "sha512-54z7squS1FyFRSUqq/knOFSptjjogLZXbKcYk3B0qkE1KZzvqASwRZnY2KzZQJqIYLVD38XZeoiMRflYSwyO4w==",
      "dev": true
    },
    "esbuild": {
      "version": "0.18.20",
      "resolved": "http://219.135.209.147:4873/esbuild/-/esbuild-0.18.20.tgz",
      "integrity": "sha512-ceqxoedUrcayh7Y7ZX6NdbbDzGROiyVBgC4PriJThBKSVPWnnFHZAkfI1lJT8QFkOwH4qOS2SJkS4wvpGl8BpA==",
      "dev": true,
      "requires": {
        "@esbuild/android-arm": "0.18.20",
        "@esbuild/android-arm64": "0.18.20",
        "@esbuild/android-x64": "0.18.20",
        "@esbuild/darwin-arm64": "0.18.20",
        "@esbuild/darwin-x64": "0.18.20",
        "@esbuild/freebsd-arm64": "0.18.20",
        "@esbuild/freebsd-x64": "0.18.20",
        "@esbuild/linux-arm": "0.18.20",
        "@esbuild/linux-arm64": "0.18.20",
        "@esbuild/linux-ia32": "0.18.20",
        "@esbuild/linux-loong64": "0.18.20",
        "@esbuild/linux-mips64el": "0.18.20",
        "@esbuild/linux-ppc64": "0.18.20",
        "@esbuild/linux-riscv64": "0.18.20",
        "@esbuild/linux-s390x": "0.18.20",
        "@esbuild/linux-x64": "0.18.20",
        "@esbuild/netbsd-x64": "0.18.20",
        "@esbuild/openbsd-x64": "0.18.20",
        "@esbuild/sunos-x64": "0.18.20",
        "@esbuild/win32-arm64": "0.18.20",
        "@esbuild/win32-ia32": "0.18.20",
        "@esbuild/win32-x64": "0.18.20"
      }
    },
    "escalade": {
      "version": "3.1.1",
      "resolved": "http://219.135.209.147:4873/escalade/-/escalade-3.1.1.tgz",
      "integrity": "sha1-2M/ccACWXFoBdLSoLqpcBVJ0LkA=",
      "dev": true
    },
    "estree-walker": {
      "version": "2.0.2",
      "resolved": "http://219.135.209.147:4873/estree-walker/-/estree-walker-2.0.2.tgz",
      "integrity": "sha1-UvAQF4wqTBF6d1fP6UKtt9LaTKw="
    },
    "fast-glob": {
      "version": "3.3.1",
      "resolved": "http://219.135.209.147:4873/fast-glob/-/fast-glob-3.3.1.tgz",
      "integrity": "sha512-kNFPyjhh5cKjrUltxs+wFx+ZkbRaxxmZ+X0ZU31SOsxCEtP9VPgtq2teZw1DebupL5GmDaNQ6yKMMVcM41iqDg==",
      "dev": true,
      "requires": {
        "@nodelib/fs.stat": "^2.0.2",
        "@nodelib/fs.walk": "^1.2.3",
        "glob-parent": "^5.1.2",
        "merge2": "^1.3.0",
        "micromatch": "^4.0.4"
      },
      "dependencies": {
        "glob-parent": {
          "version": "5.1.2",
          "resolved": "http://219.135.209.147:4873/glob-parent/-/glob-parent-5.1.2.tgz",
          "integrity": "sha1-hpgyxYA0/mikCTwX3BXoNA2EAcQ=",
          "dev": true,
          "requires": {
            "is-glob": "^4.0.1"
          }
        }
      }
    },
    "fastq": {
      "version": "1.15.0",
      "resolved": "http://219.135.209.147:4873/fastq/-/fastq-1.15.0.tgz",
      "integrity": "sha512-wBrocU2LCXXa+lWBt8RoIRD89Fi8OdABODa/kEnyeyjS5aZO5/GNvI5sEINADqP/h8M29UHTHUb53sUu5Ihqdw==",
      "dev": true,
      "requires": {
        "reusify": "^1.0.4"
      }
    },
    "fill-range": {
      "version": "7.0.1",
      "resolved": "http://219.135.209.147:4873/fill-range/-/fill-range-7.0.1.tgz",
      "integrity": "sha1-GRmmp8df44ssfHflGYU12prN2kA=",
      "dev": true,
      "requires": {
        "to-regex-range": "^5.0.1"
      }
    },
    "follow-redirects": {
      "version": "1.15.3",
      "resolved": "http://219.135.209.147:4873/follow-redirects/-/follow-redirects-1.15.3.tgz",
      "integrity": "sha512-1VzOtuEM8pC9SFU1E+8KfTjZyMztRsgEfwQl44z8A25uy13jSzTj6dyK2Df52iV0vgHCfBwLhDWevLn95w5v6Q=="
    },
    "form-data": {
      "version": "4.0.0",
      "resolved": "http://219.135.209.147:4873/form-data/-/form-data-4.0.0.tgz",
      "integrity": "sha1-k5Gdrq82HuUpWEubMWZNwSyfpFI=",
      "requires": {
        "asynckit": "^0.4.0",
        "combined-stream": "^1.0.8",
        "mime-types": "^2.1.12"
      }
    },
    "fraction.js": {
      "version": "4.3.6",
      "resolved": "http://219.135.209.147:4873/fraction.js/-/fraction.js-4.3.6.tgz",
      "integrity": "sha512-n2aZ9tNfYDwaHhvFTkhFErqOMIb8uyzSQ+vGJBjZyanAKZVbGUQ1sngfk9FdkBw7G26O7AgNjLcecLffD1c7eg==",
      "dev": true
    },
    "fs.realpath": {
      "version": "1.0.0",
      "resolved": "http://219.135.209.147:4873/fs.realpath/-/fs.realpath-1.0.0.tgz",
      "integrity": "sha1-FQStJSMVjKpA20onh8sBQRmU6k8=",
      "dev": true
    },
    "fsevents": {
      "version": "2.3.3",
      "resolved": "http://219.135.209.147:4873/fsevents/-/fsevents-2.3.3.tgz",
      "integrity": "sha512-5xoDfX+fL7faATnagmWPpbFtwh/R77WmMMqqHGS65C3vvB0YHrgF+B1YmZ3441tMj5n63k0212XNoJwzlhffQw==",
      "dev": true,
      "optional": true
    },
    "glob": {
      "version": "7.1.6",
      "resolved": "http://219.135.209.147:4873/glob/-/glob-7.1.6.tgz",
      "integrity": "sha1-FB8zuBp8JJLhJVlDB0gMRmeSeKY=",
      "dev": true,
      "requires": {
        "fs.realpath": "^1.0.0",
        "inflight": "^1.0.4",
        "inherits": "2",
        "minimatch": "^3.0.4",
        "once": "^1.3.0",
        "path-is-absolute": "^1.0.0"
      }
    },
    "glob-parent": {
      "version": "6.0.2",
      "resolved": "http://219.135.209.147:4873/glob-parent/-/glob-parent-6.0.2.tgz",
      "integrity": "sha1-bSN9mQg5UMeSkPJMdkKj3poo+eM=",
      "dev": true,
      "requires": {
        "is-glob": "^4.0.3"
      }
    },
    "has": {
      "version": "1.0.4",
      "resolved": "http://219.135.209.147:4873/has/-/has-1.0.4.tgz",
      "integrity": "sha512-qdSAmqLF6209RFj4VVItywPMbm3vWylknmB3nvNiUIs72xAimcM8nVYxYr7ncvZq5qzk9MKIZR8ijqD/1QuYjQ==",
      "dev": true
    },
    "inflight": {
      "version": "1.0.6",
      "resolved": "http://219.135.209.147:4873/inflight/-/inflight-1.0.6.tgz",
      "integrity": "sha1-Sb1jMdfQLQwJvJEKEHW6gWW1bfk=",
      "dev": true,
      "requires": {
        "once": "^1.3.0",
        "wrappy": "1"
      }
    },
    "inherits": {
      "version": "2.0.4",
      "resolved": "http://219.135.209.147:4873/inherits/-/inherits-2.0.4.tgz",
      "integrity": "sha1-D6LGT5MpF8NDOg3tVTY6rjdBa3w=",
      "dev": true
    },
    "is-binary-path": {
      "version": "2.1.0",
      "resolved": "http://219.135.209.147:4873/is-binary-path/-/is-binary-path-2.1.0.tgz",
      "integrity": "sha1-6h9/O4DwZCNug0cPhsCcJU+0Wwk=",
      "dev": true,
      "requires": {
        "binary-extensions": "^2.0.0"
      }
    },
    "is-core-module": {
      "version": "2.13.0",
      "resolved": "http://219.135.209.147:4873/is-core-module/-/is-core-module-2.13.0.tgz",
      "integrity": "sha512-Z7dk6Qo8pOCp3l4tsX2C5ZVas4V+UxwQodwZhLopL91TX8UyyHEXafPcyoeeWuLrwzHcr3igO78wNLwHJHsMCQ==",
      "dev": true,
      "requires": {
        "has": "^1.0.3"
      }
    },
    "is-extglob": {
      "version": "2.1.1",
      "resolved": "http://219.135.209.147:4873/is-extglob/-/is-extglob-2.1.1.tgz",
      "integrity": "sha1-qIwCU1eR8C7TfHahueqXc8gz+MI=",
      "dev": true
    },
    "is-glob": {
      "version": "4.0.3",
      "resolved": "http://219.135.209.147:4873/is-glob/-/is-glob-4.0.3.tgz",
      "integrity": "sha1-ZPYeQsu7LuwgcanawLKLoeZdUIQ=",
      "dev": true,
      "requires": {
        "is-extglob": "^2.1.1"
      }
    },
    "is-number": {
      "version": "7.0.0",
      "resolved": "http://219.135.209.147:4873/is-number/-/is-number-7.0.0.tgz",
      "integrity": "sha1-dTU0W4lnNNX4DE0GxQlVUnoU8Ss=",
      "dev": true
    },
    "jiti": {
      "version": "1.20.0",
      "resolved": "http://219.135.209.147:4873/jiti/-/jiti-1.20.0.tgz",
      "integrity": "sha512-3TV69ZbrvV6U5DfQimop50jE9Dl6J8O1ja1dvBbMba/sZ3YBEQqJ2VZRoQPVnhlzjNtU1vaXRZVrVjU4qtm8yA==",
      "dev": true
    },
    "lilconfig": {
      "version": "2.1.0",
      "resolved": "http://219.135.209.147:4873/lilconfig/-/lilconfig-2.1.0.tgz",
      "integrity": "sha512-utWOt/GHzuUxnLKxB6dk81RoOeoNeHgbrXiuGk4yyF5qlRz+iIVWu56E2fqGHFrXz0QNUhLB/8nKqvRH66JKGQ==",
      "dev": true
    },
    "lines-and-columns": {
      "version": "1.2.4",
      "resolved": "http://219.135.209.147:4873/lines-and-columns/-/lines-and-columns-1.2.4.tgz",
      "integrity": "sha1-7KKE910pZQeTCdwK2SVauy68FjI=",
      "dev": true
    },
    "loadjs": {
      "version": "4.2.0",
      "resolved": "https://registry.npmjs.org/loadjs/-/loadjs-4.2.0.tgz",
      "integrity": "sha512-AgQGZisAlTPbTEzrHPb6q+NYBMD+DP9uvGSIjSUM5uG+0jG15cb8axWpxuOIqrmQjn6scaaH8JwloiP27b2KXA=="
    },
    "lodash": {
      "version": "4.17.21",
      "resolved": "https://registry.npmjs.org/lodash/-/lodash-4.17.21.tgz",
      "integrity": "sha512-v2kDEe57lecTulaDIuNTPy3Ry4gLGJ6Z1O3vE1krgXZNrsQ+LFTGHVxVjcXPs17LhbZVGedAJv8XZ1tvj5FvSg=="
    },
    "magic-string": {
      "version": "0.30.4",
      "resolved": "http://219.135.209.147:4873/magic-string/-/magic-string-0.30.4.tgz",
      "integrity": "sha512-Q/TKtsC5BPm0kGqgBIF9oXAs/xEf2vRKiIB4wCRQTJOQIByZ1d+NnUOotvJOvNpi5RNIgVOMC3pOuaP1ZTDlVg==",
      "requires": {
        "@jridgewell/sourcemap-codec": "^1.4.15"
      }
    },
    "merge2": {
      "version": "1.4.1",
      "resolved": "http://219.135.209.147:4873/merge2/-/merge2-1.4.1.tgz",
      "integrity": "sha1-Q2iJL4hekHRVpv19xVwMnUBJkK4=",
      "dev": true
    },
    "micromatch": {
      "version": "4.0.5",
      "resolved": "http://219.135.209.147:4873/micromatch/-/micromatch-4.0.5.tgz",
      "integrity": "sha512-DMy+ERcEW2q8Z2Po+WNXuw3c5YaUSFjAO5GsJqfEl7UjvtIuFKO6ZrKvcItdy98dwFI2N1tg3zNIdKaQT+aNdA==",
      "dev": true,
      "requires": {
        "braces": "^3.0.2",
        "picomatch": "^2.3.1"
      }
    },
    "mime-db": {
      "version": "1.52.0",
      "resolved": "http://219.135.209.147:4873/mime-db/-/mime-db-1.52.0.tgz",
      "integrity": "sha512-sPU4uV7dYlvtWJxwwxHD0PuihVNiE7TyAbQ5SWxDCB9mUYvOgroQOwYQQOKPJ8CIbE+1ETVlOoK1UC2nU3gYvg=="
    },
    "mime-types": {
      "version": "2.1.35",
      "resolved": "http://219.135.209.147:4873/mime-types/-/mime-types-2.1.35.tgz",
      "integrity": "sha512-ZDY+bPm5zTTF+YpCrAU9nK0UgICYPT0QtT1NZWFv4s++TNkcgVaT0g6+4R2uI4MjQjzysHB1zxuWL50hzaeXiw==",
      "requires": {
        "mime-db": "1.52.0"
      }
    },
    "minimatch": {
      "version": "3.1.2",
      "resolved": "http://219.135.209.147:4873/minimatch/-/minimatch-3.1.2.tgz",
      "integrity": "sha512-J7p63hRiAjw1NDEww1W7i37+ByIrOWO5XQQAzZ3VOcL0PNybwpfmV/N05zFAzwQ9USyEcX6t3UO+K5aqBQOIHw==",
      "dev": true,
      "requires": {
        "brace-expansion": "^1.1.7"
      }
    },
    "mitt": {
      "version": "3.0.1",
      "resolved": "https://registry.npmjs.org/mitt/-/mitt-3.0.1.tgz",
      "integrity": "sha512-vKivATfr97l2/QBCYAkXYDbrIWPM2IIKEl7YPhjCvKlG3kE2gm+uBo6nEXK3M5/Ffh/FLpKExzOQ3JJoJGFKBw=="
    },
    "moment": {
      "version": "2.29.4",
      "resolved": "http://219.135.209.147:4873/moment/-/moment-2.29.4.tgz",
      "integrity": "sha512-5LC9SOxjSc2HF6vO2CyuTDNivEdoz2IvyJJGj6X8DJ0eFyfszE0QiEd+iXmBvUP3WHxSjFH/vIsA0EN00cgr8w=="
    },
    "mz": {
      "version": "2.7.0",
      "resolved": "http://219.135.209.147:4873/mz/-/mz-2.7.0.tgz",
      "integrity": "sha1-lQCAV6Vsr63CvGPd5/n/aVWUjjI=",
      "dev": true,
      "requires": {
        "any-promise": "^1.0.0",
        "object-assign": "^4.0.1",
        "thenify-all": "^1.0.0"
      }
    },
    "nanoid": {
      "version": "3.3.6",
      "resolved": "http://219.135.209.147:4873/nanoid/-/nanoid-3.3.6.tgz",
      "integrity": "sha512-BGcqMMJuToF7i1rt+2PWSNVnWIkGCU78jBG3RxO/bZlnZPK2Cmi2QaffxGO/2RvWi9sL+FAiRiXMgsyxQ1DIDA=="
    },
    "node-releases": {
      "version": "2.0.13",
      "resolved": "http://219.135.209.147:4873/node-releases/-/node-releases-2.0.13.tgz",
      "integrity": "sha512-uYr7J37ae/ORWdZeQ1xxMJe3NtdmqMC/JZK+geofDrkLUApKRHPd18/TxtBOJ4A0/+uUIliorNrfYV6s1b02eQ==",
      "dev": true
    },
    "normalize-path": {
      "version": "3.0.0",
      "resolved": "http://219.135.209.147:4873/normalize-path/-/normalize-path-3.0.0.tgz",
      "integrity": "sha1-Dc1p/yOhybEf0JeDFmRKA4ghamU=",
      "dev": true
    },
    "normalize-range": {
      "version": "0.1.2",
      "resolved": "http://219.135.209.147:4873/normalize-range/-/normalize-range-0.1.2.tgz",
      "integrity": "sha1-LRDAa9/TEuqXd2laTShDlFa3WUI=",
      "dev": true
    },
    "object-assign": {
      "version": "4.1.1",
      "resolved": "http://219.135.209.147:4873/object-assign/-/object-assign-4.1.1.tgz",
      "integrity": "sha1-IQmtx5ZYh8/AXLvUQsrIv7s2CGM=",
      "dev": true
    },
    "object-hash": {
      "version": "3.0.0",
      "resolved": "http://219.135.209.147:4873/object-hash/-/object-hash-3.0.0.tgz",
      "integrity": "sha512-RSn9F68PjH9HqtltsSnqYC1XXoWe9Bju5+213R98cNGttag9q9yAOTzdbsqvIa7aNm5WffBZFpWYr2aWrklWAw==",
      "dev": true
    },
    "once": {
      "version": "1.4.0",
      "resolved": "http://219.135.209.147:4873/once/-/once-1.4.0.tgz",
      "integrity": "sha1-WDsap3WWHUsROsF9nFC6753Xa9E=",
      "dev": true,
      "requires": {
        "wrappy": "1"
      }
    },
    "path-is-absolute": {
      "version": "1.0.1",
      "resolved": "http://219.135.209.147:4873/path-is-absolute/-/path-is-absolute-1.0.1.tgz",
      "integrity": "sha1-F0uSaHNVNP+8es5r9TpanhtcX18=",
      "dev": true
    },
    "path-parse": {
      "version": "1.0.7",
      "resolved": "http://219.135.209.147:4873/path-parse/-/path-parse-1.0.7.tgz",
      "integrity": "sha1-+8EUtgykKzDZ2vWFjkvWi77bZzU=",
      "dev": true
    },
    "picocolors": {
      "version": "1.0.0",
      "resolved": "http://219.135.209.147:4873/picocolors/-/picocolors-1.0.0.tgz",
      "integrity": "sha1-y1vcdP8/UYkiNur3nWi8RFZKuBw="
    },
    "picomatch": {
      "version": "2.3.1",
      "resolved": "http://219.135.209.147:4873/picomatch/-/picomatch-2.3.1.tgz",
      "integrity": "sha512-JU3teHTNjmE2VCGFzuY8EXzCDVwEqB2a8fsIvwaStHhAWJEeVd1o1QD80CU6+ZdEXXSLbSsuLwJjkCBWqRQUVA==",
      "dev": true
    },
    "pify": {
      "version": "2.3.0",
      "resolved": "http://219.135.209.147:4873/pify/-/pify-2.3.0.tgz",
      "integrity": "sha1-7RQaasBDqEnqWISY59yosVMw6Qw=",
      "dev": true
    },
    "pirates": {
      "version": "4.0.6",
      "resolved": "http://219.135.209.147:4873/pirates/-/pirates-4.0.6.tgz",
      "integrity": "sha512-saLsH7WeYYPiD25LDuLRRY/i+6HaPYr6G1OUlN39otzkSTxKnubR9RTxS3/Kk50s1g2JTgFwWQDQyplC5/SHZg==",
      "dev": true
    },
    "plyr": {
      "version": "3.7.8",
      "resolved": "https://registry.npmjs.org/plyr/-/plyr-3.7.8.tgz",
      "integrity": "sha512-yG/EHDobwbB/uP+4Bm6eUpJ93f8xxHjjk2dYcD1Oqpe1EcuQl5tzzw9Oq+uVAzd2lkM11qZfydSiyIpiB8pgdA==",
      "requires": {
        "core-js": "^3.26.1",
        "custom-event-polyfill": "^1.0.7",
        "loadjs": "^4.2.0",
        "rangetouch": "^2.0.1",
        "url-polyfill": "^1.1.12"
      }
    },
    "postcss": {
      "version": "8.4.30",
      "resolved": "http://219.135.209.147:4873/postcss/-/postcss-8.4.30.tgz",
      "integrity": "sha512-7ZEao1g4kd68l97aWG/etQKPKq07us0ieSZ2TnFDk11i0ZfDW2AwKHYU8qv4MZKqN2fdBfg+7q0ES06UA73C1g==",
      "requires": {
        "nanoid": "^3.3.6",
        "picocolors": "^1.0.0",
        "source-map-js": "^1.0.2"
      }
    },
    "postcss-import": {
      "version": "15.1.0",
      "resolved": "http://219.135.209.147:4873/postcss-import/-/postcss-import-15.1.0.tgz",
      "integrity": "sha512-hpr+J05B2FVYUAXHeK1YyI267J/dDDhMU6B6civm8hSY1jYJnBXxzKDKDswzJmtLHryrjhnDjqqp/49t8FALew==",
      "dev": true,
      "requires": {
        "postcss-value-parser": "^4.0.0",
        "read-cache": "^1.0.0",
        "resolve": "^1.1.7"
      }
    },
    "postcss-js": {
      "version": "4.0.1",
      "resolved": "http://219.135.209.147:4873/postcss-js/-/postcss-js-4.0.1.tgz",
      "integrity": "sha512-dDLF8pEO191hJMtlHFPRa8xsizHaM82MLfNkUHdUtVEV3tgTp5oj+8qbEqYM57SLfc74KSbw//4SeJma2LRVIw==",
      "dev": true,
      "requires": {
        "camelcase-css": "^2.0.1"
      }
    },
    "postcss-load-config": {
      "version": "4.0.1",
      "resolved": "http://219.135.209.147:4873/postcss-load-config/-/postcss-load-config-4.0.1.tgz",
      "integrity": "sha512-vEJIc8RdiBRu3oRAI0ymerOn+7rPuMvRXslTvZUKZonDHFIczxztIyJ1urxM1x9JXEikvpWWTUUqal5j/8QgvA==",
      "dev": true,
      "requires": {
        "lilconfig": "^2.0.5",
        "yaml": "^2.1.1"
      }
    },
    "postcss-nested": {
      "version": "6.0.1",
      "resolved": "http://219.135.209.147:4873/postcss-nested/-/postcss-nested-6.0.1.tgz",
      "integrity": "sha512-mEp4xPMi5bSWiMbsgoPfcP74lsWLHkQbZc3sY+jWYd65CUwXrUaTp0fmNpa01ZcETKlIgUdFN/MpS2xZtqL9dQ==",
      "dev": true,
      "requires": {
        "postcss-selector-parser": "^6.0.11"
      }
    },
    "postcss-selector-parser": {
      "version": "6.0.13",
      "resolved": "http://219.135.209.147:4873/postcss-selector-parser/-/postcss-selector-parser-6.0.13.tgz",
      "integrity": "sha512-EaV1Gl4mUEV4ddhDnv/xtj7sxwrwxdetHdWUGnT4VJQf+4d05v6lHYZr8N573k5Z0BViss7BDhfWtKS3+sfAqQ==",
      "dev": true,
      "requires": {
        "cssesc": "^3.0.0",
        "util-deprecate": "^1.0.2"
      }
    },
    "postcss-value-parser": {
      "version": "4.2.0",
      "resolved": "http://219.135.209.147:4873/postcss-value-parser/-/postcss-value-parser-4.2.0.tgz",
      "integrity": "sha512-1NNCs6uurfkVbeXG4S8JFT9t19m45ICnif8zWLd5oPSZ50QnwMfK+H3jv408d4jw/7Bttv5axS5IiHoLaVNHeQ==",
      "dev": true
    },
    "proxy-from-env": {
      "version": "1.1.0",
      "resolved": "http://219.135.209.147:4873/proxy-from-env/-/proxy-from-env-1.1.0.tgz",
      "integrity": "sha1-4QLxbKNVQkhldV0sno6k8k1Yw+I="
    },
    "queue-microtask": {
      "version": "1.2.3",
      "resolved": "http://219.135.209.147:4873/queue-microtask/-/queue-microtask-1.2.3.tgz",
      "integrity": "sha1-SSkii7xyTfrEPg77BYyve2z7YkM=",
      "dev": true
    },
    "rangetouch": {
      "version": "2.0.1",
      "resolved": "https://registry.npmjs.org/rangetouch/-/rangetouch-2.0.1.tgz",
      "integrity": "sha512-sln+pNSc8NGaHoLzwNBssFSf/rSYkqeBXzX1AtJlkJiUaVSJSbRAWJk+4omsXkN+EJalzkZhWQ3th1m0FpR5xA=="
    },
    "read-cache": {
      "version": "1.0.0",
      "resolved": "http://219.135.209.147:4873/read-cache/-/read-cache-1.0.0.tgz",
      "integrity": "sha1-5mTvMRYRZsl1HNvo28+GtftY93Q=",
      "dev": true,
      "requires": {
        "pify": "^2.3.0"
      }
    },
    "readdirp": {
      "version": "3.6.0",
      "resolved": "http://219.135.209.147:4873/readdirp/-/readdirp-3.6.0.tgz",
      "integrity": "sha1-dKNwvYVxFuJFspzJc0DNQxoCpsc=",
      "dev": true,
      "requires": {
        "picomatch": "^2.2.1"
      }
    },
    "resolve": {
      "version": "1.22.6",
      "resolved": "http://219.135.209.147:4873/resolve/-/resolve-1.22.6.tgz",
      "integrity": "sha512-njhxM7mV12JfufShqGy3Rz8j11RPdLy4xi15UurGJeoHLfJpVXKdh3ueuOqbYUcDZnffr6X739JBo5LzyahEsw==",
      "dev": true,
      "requires": {
        "is-core-module": "^2.13.0",
        "path-parse": "^1.0.7",
        "supports-preserve-symlinks-flag": "^1.0.0"
      }
    },
    "reusify": {
      "version": "1.0.4",
      "resolved": "http://219.135.209.147:4873/reusify/-/reusify-1.0.4.tgz",
      "integrity": "sha1-kNo4Kx4SbvwCFG6QhFqI2xKSXXY=",
      "dev": true
    },
    "rollup": {
      "version": "3.29.2",
      "resolved": "http://219.135.209.147:4873/rollup/-/rollup-3.29.2.tgz",
      "integrity": "sha512-CJouHoZ27v6siztc21eEQGo0kIcE5D1gVPA571ez0mMYb25LGYGKnVNXpEj5MGlepmDWGXNjDB5q7uNiPHC11A==",
      "dev": true,
      "requires": {
        "fsevents": "~2.3.2"
      }
    },
    "run-parallel": {
      "version": "1.2.0",
      "resolved": "http://219.135.209.147:4873/run-parallel/-/run-parallel-1.2.0.tgz",
      "integrity": "sha1-ZtE2jae9+SHrnZW9GpIp5/IaQ+4=",
      "dev": true,
      "requires": {
        "queue-microtask": "^1.2.2"
      }
    },
    "shvl": {
      "version": "2.0.3",
      "resolved": "http://219.135.209.147:4873/shvl/-/shvl-2.0.3.tgz",
      "integrity": "sha1-60vTdkT1aEu6H8UsMBDJb7Xmr9E="
    },
    "source-map-js": {
      "version": "1.0.2",
      "resolved": "http://219.135.209.147:4873/source-map-js/-/source-map-js-1.0.2.tgz",
      "integrity": "sha512-R0XvVJ9WusLiqTCEiGCmICCMplcCkIwwR11mOSD9CR5u+IXYdiseeEuXCVAjS54zqwkLcPNnmU4OeJ6tUrWhDw=="
    },
    "sucrase": {
      "version": "3.34.0",
      "resolved": "http://219.135.209.147:4873/sucrase/-/sucrase-3.34.0.tgz",
      "integrity": "sha512-70/LQEZ07TEcxiU2dz51FKaE6hCTWC6vr7FOk3Gr0U60C3shtAN+H+BFr9XlYe5xqf3RA8nrc+VIwzCfnxuXJw==",
      "dev": true,
      "requires": {
        "@jridgewell/gen-mapping": "^0.3.2",
        "commander": "^4.0.0",
        "glob": "7.1.6",
        "lines-and-columns": "^1.1.6",
        "mz": "^2.7.0",
        "pirates": "^4.0.1",
        "ts-interface-checker": "^0.1.9"
      }
    },
    "supports-preserve-symlinks-flag": {
      "version": "1.0.0",
      "resolved": "http://219.135.209.147:4873/supports-preserve-symlinks-flag/-/supports-preserve-symlinks-flag-1.0.0.tgz",
      "integrity": "sha512-ot0WnXS9fgdkgIcePe6RHNk1WA8+muPa6cSjeR3V8K27q9BB1rTE3R1p7Hv0z1ZyAc8s6Vvv8DIyWf681MAt0w==",
      "dev": true
    },
    "tailwindcss": {
      "version": "3.3.3",
      "resolved": "http://219.135.209.147:4873/tailwindcss/-/tailwindcss-3.3.3.tgz",
      "integrity": "sha512-A0KgSkef7eE4Mf+nKJ83i75TMyq8HqY3qmFIJSWy8bNt0v1lG7jUcpGpoTFxAwYcWOphcTBLPPJg+bDfhDf52w==",
      "dev": true,
      "requires": {
        "@alloc/quick-lru": "^5.2.0",
        "arg": "^5.0.2",
        "chokidar": "^3.5.3",
        "didyoumean": "^1.2.2",
        "dlv": "^1.1.3",
        "fast-glob": "^3.2.12",
        "glob-parent": "^6.0.2",
        "is-glob": "^4.0.3",
        "jiti": "^1.18.2",
        "lilconfig": "^2.1.0",
        "micromatch": "^4.0.5",
        "normalize-path": "^3.0.0",
        "object-hash": "^3.0.0",
        "picocolors": "^1.0.0",
        "postcss": "^8.4.23",
        "postcss-import": "^15.1.0",
        "postcss-js": "^4.0.1",
        "postcss-load-config": "^4.0.1",
        "postcss-nested": "^6.0.1",
        "postcss-selector-parser": "^6.0.11",
        "resolve": "^1.22.2",
        "sucrase": "^3.32.0"
      },
      "dependencies": {
        "is-glob": {
          "version": "4.0.3",
          "resolved": "http://219.135.209.147:4873/is-glob/-/is-glob-4.0.3.tgz",
          "integrity": "sha1-ZPYeQsu7LuwgcanawLKLoeZdUIQ=",
          "dev": true,
          "requires": {
            "is-extglob": "^2.1.1"
          }
        }
      }
    },
    "thenify": {
      "version": "3.3.1",
      "resolved": "http://219.135.209.147:4873/thenify/-/thenify-3.3.1.tgz",
      "integrity": "sha1-iTLmhqQGYDigFt2eLKRq3Zg4qV8=",
      "dev": true,
      "requires": {
        "any-promise": "^1.0.0"
      }
    },
    "thenify-all": {
      "version": "1.6.0",
      "resolved": "http://219.135.209.147:4873/thenify-all/-/thenify-all-1.6.0.tgz",
      "integrity": "sha1-GhkY1ALY/D+Y+/I02wvMjMEOlyY=",
      "dev": true,
      "requires": {
        "thenify": ">= 3.1.0 < 4"
      }
    },
    "to-regex-range": {
      "version": "5.0.1",
      "resolved": "http://219.135.209.147:4873/to-regex-range/-/to-regex-range-5.0.1.tgz",
      "integrity": "sha1-FkjESq58jZiKMmAY7XL1tN0DkuQ=",
      "dev": true,
      "requires": {
        "is-number": "^7.0.0"
      }
    },
    "ts-interface-checker": {
      "version": "0.1.13",
      "resolved": "http://219.135.209.147:4873/ts-interface-checker/-/ts-interface-checker-0.1.13.tgz",
      "integrity": "sha1-eE/T1nlyK8EDsbS4AwvN212yppk=",
      "dev": true
    },
    "update-browserslist-db": {
      "version": "1.0.13",
      "resolved": "http://219.135.209.147:4873/update-browserslist-db/-/update-browserslist-db-1.0.13.tgz",
      "integrity": "sha512-xebP81SNcPuNpPP3uzeW1NYXxI3rxyJzF3pD6sH4jE7o/IX+WtSpwnVU+qIsDPyk0d3hmFQ7mjqc6AtV604hbg==",
      "dev": true,
      "requires": {
        "escalade": "^3.1.1",
        "picocolors": "^1.0.0"
      }
    },
    "url-polyfill": {
      "version": "1.1.12",
      "resolved": "https://registry.npmjs.org/url-polyfill/-/url-polyfill-1.1.12.tgz",
      "integrity": "sha512-mYFmBHCapZjtcNHW0MDq9967t+z4Dmg5CJ0KqysK3+ZbyoNOWQHksGCTWwDhxGXllkWlOc10Xfko6v4a3ucM6A=="
    },
    "util-deprecate": {
      "version": "1.0.2",
      "resolved": "http://219.135.209.147:4873/util-deprecate/-/util-deprecate-1.0.2.tgz",
      "integrity": "sha1-RQ1Nyfpw3nMnYvvS1KKJgUGaDM8=",
      "dev": true
    },
    "vite": {
      "version": "4.4.9",
      "resolved": "http://219.135.209.147:4873/vite/-/vite-4.4.9.tgz",
      "integrity": "sha512-2mbUn2LlUmNASWwSCNSJ/EG2HuSRTnVNaydp6vMCm5VIqJsjMfbIWtbH2kDuwUVW5mMUKKZvGPX/rqeqVvv1XA==",
      "dev": true,
      "requires": {
        "esbuild": "^0.18.10",
        "fsevents": "~2.3.2",
        "postcss": "^8.4.27",
        "rollup": "^3.27.1"
      }
    },
    "vue": {
      "version": "3.3.4",
      "resolved": "http://219.135.209.147:4873/vue/-/vue-3.3.4.tgz",
      "integrity": "sha512-VTyEYn3yvIeY1Py0WaYGZsXnz3y5UnGi62GjVEqvEGPl6nxbOrCXbVOTQWBEJUqAyTUk2uJ5JLVnYJ6ZzGbrSw==",
      "requires": {
        "@vue/compiler-dom": "3.3.4",
        "@vue/compiler-sfc": "3.3.4",
        "@vue/runtime-dom": "3.3.4",
        "@vue/server-renderer": "3.3.4",
        "@vue/shared": "3.3.4"
      }
    },
    "vue-router": {
      "version": "4.2.5",
      "resolved": "https://registry.npmjs.org/vue-router/-/vue-router-4.2.5.tgz",
      "integrity": "sha512-DIUpKcyg4+PTQKfFPX88UWhlagBEBEfJ5A8XDXRJLUnZOvcpMF8o/dnL90vpVkGaPbjvXazV/rC1qBKrZlFugw==",
      "requires": {
        "@vue/devtools-api": "^6.5.0"
      }
    },
    "vue3-danmaku": {
      "version": "1.6.0",
      "resolved": "http://219.135.209.147:4873/vue3-danmaku/-/vue3-danmaku-1.6.0.tgz",
      "integrity": "sha512-XjwVKIelupDD3PWn6k22l5qS8y+SCdFUYq4sSpcPInqk7CyzXWSAfz2BL6WWx9HU9CRWS3x2oDMkepLkJoWvNQ=="
    },
    "vuex": {
      "version": "4.1.0",
      "resolved": "https://registry.npmjs.org/vuex/-/vuex-4.1.0.tgz",
      "integrity": "sha512-hmV6UerDrPcgbSy9ORAtNXDr9M4wlNP4pEFKye4ujJF8oqgFFuxDCdOLS3eNoRTtq5O3hoBDh9Doj1bQMYHRbQ==",
      "requires": {
        "@vue/devtools-api": "^6.0.0-beta.11"
      }
    },
    "vuex-persistedstate": {
      "version": "4.1.0",
      "resolved": "http://219.135.209.147:4873/vuex-persistedstate/-/vuex-persistedstate-4.1.0.tgz",
      "integrity": "sha1-EnFl+F9bRTT7MXCl06i+mBG9KlM=",
      "requires": {
        "deepmerge": "^4.2.2",
        "shvl": "^2.0.3"
      }
    },
    "wrappy": {
      "version": "1.0.2",
      "resolved": "http://219.135.209.147:4873/wrappy/-/wrappy-1.0.2.tgz",
      "integrity": "sha1-tSQ9jz7BqjXxNkYFvA0QNuMKtp8=",
      "dev": true
    },
    "yaml": {
      "version": "2.3.2",
      "resolved": "http://219.135.209.147:4873/yaml/-/yaml-2.3.2.tgz",
      "integrity": "sha512-N/lyzTPaJasoDmfV7YTrYCI0G/3ivm/9wdG0aHuheKowWQwGTsK0Eoiw6utmzAnI6pkJa0DUVygvp3spqqEKXg==",
      "dev": true
    }
  }
}
